
Microsoft Visual Studio Solution File, Format Version 12.00
# Visual Studio Version 17
VisualStudioVersion = 17.5.002.0
MinimumVisualStudioVersion = 10.0.40219.1
Project("{9A19103F-16F7-4668-BE54-9A1E7A4F7556}") = "prova", "prova.csproj", "{538FFCC9-643B-4F4D-80E5-EDF28FAE3156}"
EndProject
Global
	GlobalSection(SolutionConfigurationPlatforms) = preSolution
		Debug|Any CPU = Debug|Any CPU
		Release|Any CPU = Release|Any CPU
	EndGlobalSection
	GlobalSection(ProjectConfigurationPlatforms) = postSolution
		{538FFCC9-643B-4F4D-80E5-EDF28FAE3156}.Debug|Any CPU.ActiveCfg = Debug|Any CPU
		{538FFCC9-643B-4F4D-80E5-EDF28FAE3156}.Debug|Any CPU.Build.0 = Debug|Any CPU
		{538FFCC9-643B-4F4D-80E5-EDF28FAE3156}.Release|Any CPU.ActiveCfg = Release|Any CPU
		{538FFCC9-643B-4F4D-80E5-EDF28FAE3156}.Release|Any CPU.Build.0 = Release|Any CPU
	EndGlobalSection
	GlobalSection(SolutionProperties) = preSolution
		HideSolutionNode = FALSE
	EndGlobalSection
	GlobalSection(ExtensibilityGlobals) = postSolution
		SolutionGuid = {17CB8B23-63A6-430D-8EEC-D7E21E96C789}
	EndGlobalSection
EndGlobal
